// !$*UTF8*$!
{
	archiveVersion = 1;
	classes = {
	};
	objectVersion = 46;
	objects = {

/* Begin PBXBuildFile section */
		072F36291648FC680002D615 /* Quartz.framework in Frameworks */ = {isa = PBXBuildFile; fileRef = 072F36281648FC680002D615 /* Quartz.framework */; };
		072F362B1648FC6E0002D615 /* QuartzCore.framework in Frameworks */ = {isa = PBXBuildFile; fileRef = 072F362A1648FC6E0002D615 /* QuartzCore.framework */; };
		072F362C1648FC830002D615 /* Quartz.framework in CopyFiles */ = {isa = PBXBuildFile; fileRef = 072F36281648FC680002D615 /* Quartz.framework */; };
		072F362D1648FC870002D615 /* QuartzCore.framework in CopyFiles */ = {isa = PBXBuildFile; fileRef = 072F362A1648FC6E0002D615 /* QuartzCore.framework */; };
		075D162516536CCC0023B4C1 /* HistogramLayer.m in Sources */ = {isa = PBXBuildFile; fileRef = 075D162416536CCC0023B4C1 /* HistogramLayer.m */; };
		07619D69164359CD0059E886 /* Cocoa.framework in Frameworks */ = {isa = PBXBuildFile; fileRef = 07834A8716071899009EC369 /* Cocoa.framework */; };
		07619D6F164359CD0059E886 /* InfoPlist.strings in Resources */ = {isa = PBXBuildFile; fileRef = 07619D6D164359CD0059E886 /* InfoPlist.strings */; };
		07619D71164359CD0059E886 /* main.m in Sources */ = {isa = PBXBuildFile; fileRef = 07619D70164359CD0059E886 /* main.m */; };
		07619D75164359CD0059E886 /* Credits.rtf in Resources */ = {isa = PBXBuildFile; fileRef = 07619D73164359CD0059E886 /* Credits.rtf */; };
		07619D78164359CD0059E886 /* AppDelegate.m in Sources */ = {isa = PBXBuildFile; fileRef = 07619D77164359CD0059E886 /* AppDelegate.m */; };
		07619D7B164359CD0059E886 /* MainMenu.xib in Resources */ = {isa = PBXBuildFile; fileRef = 07619D79164359CD0059E886 /* MainMenu.xib */; };
		07619D80164379950059E886 /* CorePlot.framework in Frameworks */ = {isa = PBXBuildFile; fileRef = 07619D7F164379950059E886 /* CorePlot.framework */; };
		07619D83164379D30059E886 /* CorePlot.framework in CopyFiles */ = {isa = PBXBuildFile; fileRef = 07619D7F164379950059E886 /* CorePlot.framework */; };
		07619D8616439AEC0059E886 /* CorePlotView.m in Sources */ = {isa = PBXBuildFile; fileRef = 07619D8516439AEC0059E886 /* CorePlotView.m */; };
		07834A8816071899009EC369 /* Cocoa.framework in Frameworks */ = {isa = PBXBuildFile; fileRef = 07834A8716071899009EC369 /* Cocoa.framework */; };
		07834A9216071899009EC369 /* InfoPlist.strings in Resources */ = {isa = PBXBuildFile; fileRef = 07834A9016071899009EC369 /* InfoPlist.strings */; };
		07834A9416071899009EC369 /* main.m in Sources */ = {isa = PBXBuildFile; fileRef = 07834A9316071899009EC369 /* main.m */; };
		07834A9816071899009EC369 /* Credits.rtf in Resources */ = {isa = PBXBuildFile; fileRef = 07834A9616071899009EC369 /* Credits.rtf */; };
		07834A9B16071899009EC369 /* AppDelegate.m in Sources */ = {isa = PBXBuildFile; fileRef = 07834A9A16071899009EC369 /* AppDelegate.m */; };
		07834A9E16071899009EC369 /* MainMenu.xib in Resources */ = {isa = PBXBuildFile; fileRef = 07834A9C16071899009EC369 /* MainMenu.xib */; };
		0795EEDE162D5EE800BCE2EC /* OTFoundation.framework in CopyFiles */ = {isa = PBXBuildFile; fileRef = 0795EED5162D5ED500BCE2EC /* OTFoundation.framework */; };
		0795EEDF162D5EE800BCE2EC /* OTUIKit.framework in CopyFiles */ = {isa = PBXBuildFile; fileRef = 0795EED9162D5ED500BCE2EC /* OTUIKit.framework */; };
		0795EEF5162D612500BCE2EC /* OTUIKit.framework in Frameworks */ = {isa = PBXBuildFile; fileRef = 0795EED9162D5ED500BCE2EC /* OTUIKit.framework */; };
		0795EEF6162D612800BCE2EC /* OTFoundation.framework in Frameworks */ = {isa = PBXBuildFile; fileRef = 0795EED5162D5ED500BCE2EC /* OTFoundation.framework */; };
/* End PBXBuildFile section */

/* Begin PBXContainerItemProxy section */
		0795EED0162D5ED500BCE2EC /* PBXContainerItemProxy */ = {
			isa = PBXContainerItemProxy;
			containerPortal = 0795EEC3162D5ED400BCE2EC /* OTCocoa.xcodeproj */;
			proxyType = 2;
			remoteGlobalIDString = 9FA07CF115C1B2C400B276EC;
			remoteInfo = OTCocoa;
		};
		0795EED2162D5ED500BCE2EC /* PBXContainerItemProxy */ = {
			isa = PBXContainerItemProxy;
			containerPortal = 0795EEC3162D5ED400BCE2EC /* OTCocoa.xcodeproj */;
			proxyType = 2;
			remoteGlobalIDString = 9FA07D0915C1B2C400B276EC;
			remoteInfo = OTCocoaTests;
		};
		0795EED4162D5ED500BCE2EC /* PBXContainerItemProxy */ = {
			isa = PBXContainerItemProxy;
			containerPortal = 0795EEC3162D5ED400BCE2EC /* OTCocoa.xcodeproj */;
			proxyType = 2;
			remoteGlobalIDString = 9FA07D2615C1B32300B276EC;
			remoteInfo = OTFoundation;
		};
		0795EED6162D5ED500BCE2EC /* PBXContainerItemProxy */ = {
			isa = PBXContainerItemProxy;
			containerPortal = 0795EEC3162D5ED400BCE2EC /* OTCocoa.xcodeproj */;
			proxyType = 2;
			remoteGlobalIDString = 9FA07D3715C1B32300B276EC;
			remoteInfo = OTFoundationTests;
		};
		0795EED8162D5ED500BCE2EC /* PBXContainerItemProxy */ = {
			isa = PBXContainerItemProxy;
			containerPortal = 0795EEC3162D5ED400BCE2EC /* OTCocoa.xcodeproj */;
			proxyType = 2;
			remoteGlobalIDString = 9FA07D5115C1B33800B276EC;
			remoteInfo = OTUIKit;
		};
		0795EEDA162D5ED500BCE2EC /* PBXContainerItemProxy */ = {
			isa = PBXContainerItemProxy;
			containerPortal = 0795EEC3162D5ED400BCE2EC /* OTCocoa.xcodeproj */;
			proxyType = 2;
			remoteGlobalIDString = 9FA07D6215C1B33800B276EC;
			remoteInfo = OTUIKitTests;
		};
		0795EEDC162D5ED500BCE2EC /* PBXContainerItemProxy */ = {
			isa = PBXContainerItemProxy;
			containerPortal = 0795EEC3162D5ED400BCE2EC /* OTCocoa.xcodeproj */;
			proxyType = 2;
			remoteGlobalIDString = 9F9FAE1515FE4726003127EC;
			remoteInfo = OTComposerKit;
		};
/* End PBXContainerItemProxy section */

/* Begin PBXCopyFilesBuildPhase section */
		07619D82164379BC0059E886 /* CopyFiles */ = {
			isa = PBXCopyFilesBuildPhase;
			buildActionMask = 2147483647;
			dstPath = "";
			dstSubfolderSpec = 10;
			files = (
				07619D83164379D30059E886 /* CorePlot.framework in CopyFiles */,
				072F362C1648FC830002D615 /* Quartz.framework in CopyFiles */,
				072F362D1648FC870002D615 /* QuartzCore.framework in CopyFiles */,
			);
			runOnlyForDeploymentPostprocessing = 0;
		};
		07A0C3BC160821F200573812 /* CopyFiles */ = {
			isa = PBXCopyFilesBuildPhase;
			buildActionMask = 2147483647;
			dstPath = "";
			dstSubfolderSpec = 10;
			files = (
				0795EEDE162D5EE800BCE2EC /* OTFoundation.framework in CopyFiles */,
				0795EEDF162D5EE800BCE2EC /* OTUIKit.framework in CopyFiles */,
			);
			runOnlyForDeploymentPostprocessing = 0;
		};
/* End PBXCopyFilesBuildPhase section */

/* Begin PBXFileReference section */
		072F36281648FC680002D615 /* Quartz.framework */ = {isa = PBXFileReference; lastKnownFileType = wrapper.framework; name = Quartz.framework; path = System/Library/Frameworks/Quartz.framework; sourceTree = SDKROOT; };
		072F362A1648FC6E0002D615 /* QuartzCore.framework */ = {isa = PBXFileReference; lastKnownFileType = wrapper.framework; name = QuartzCore.framework; path = System/Library/Frameworks/QuartzCore.framework; sourceTree = SDKROOT; };
		075D162316536CCC0023B4C1 /* HistogramLayer.h */ = {isa = PBXFileReference; fileEncoding = 4; lastKnownFileType = sourcecode.c.h; path = HistogramLayer.h; sourceTree = "<group>"; };
		075D162416536CCC0023B4C1 /* HistogramLayer.m */ = {isa = PBXFileReference; fileEncoding = 4; lastKnownFileType = sourcecode.c.objc; path = HistogramLayer.m; sourceTree = "<group>"; };
		07619D67164359CD0059E886 /* OTHistogram.app */ = {isa = PBXFileReference; explicitFileType = wrapper.application; includeInIndex = 0; path = OTHistogram.app; sourceTree = BUILT_PRODUCTS_DIR; };
		07619D6C164359CD0059E886 /* OTHistogram-Info.plist */ = {isa = PBXFileReference; lastKnownFileType = text.plist.xml; path = "OTHistogram-Info.plist"; sourceTree = "<group>"; };
		07619D6E164359CD0059E886 /* en */ = {isa = PBXFileReference; lastKnownFileType = text.plist.strings; name = en; path = en.lproj/InfoPlist.strings; sourceTree = "<group>"; };
		07619D70164359CD0059E886 /* main.m */ = {isa = PBXFileReference; lastKnownFileType = sourcecode.c.objc; path = main.m; sourceTree = "<group>"; };
		07619D72164359CD0059E886 /* OTHistogram-Prefix.pch */ = {isa = PBXFileReference; lastKnownFileType = sourcecode.c.h; path = "OTHistogram-Prefix.pch"; sourceTree = "<group>"; };
		07619D74164359CD0059E886 /* en */ = {isa = PBXFileReference; lastKnownFileType = text.rtf; name = en; path = en.lproj/Credits.rtf; sourceTree = "<group>"; };
		07619D76164359CD0059E886 /* AppDelegate.h */ = {isa = PBXFileReference; lastKnownFileType = sourcecode.c.h; path = AppDelegate.h; sourceTree = "<group>"; };
		07619D77164359CD0059E886 /* AppDelegate.m */ = {isa = PBXFileReference; lastKnownFileType = sourcecode.c.objc; path = AppDelegate.m; sourceTree = "<group>"; };
		07619D7A164359CD0059E886 /* en */ = {isa = PBXFileReference; lastKnownFileType = file.xib; name = en; path = en.lproj/MainMenu.xib; sourceTree = "<group>"; };
		07619D7F164379950059E886 /* CorePlot.framework */ = {isa = PBXFileReference; lastKnownFileType = wrapper.framework; path = CorePlot.framework; sourceTree = "<group>"; };
		07619D8416439AEC0059E886 /* CorePlotView.h */ = {isa = PBXFileReference; fileEncoding = 4; lastKnownFileType = sourcecode.c.h; path = CorePlotView.h; sourceTree = "<group>"; };
		07619D8516439AEC0059E886 /* CorePlotView.m */ = {isa = PBXFileReference; fileEncoding = 4; lastKnownFileType = sourcecode.c.objc; path = CorePlotView.m; sourceTree = "<group>"; };
		07834A8316071899009EC369 /* OTPieViewExam.app */ = {isa = PBXFileReference; explicitFileType = wrapper.application; includeInIndex = 0; path = OTPieViewExam.app; sourceTree = BUILT_PRODUCTS_DIR; };
		07834A8716071899009EC369 /* Cocoa.framework */ = {isa = PBXFileReference; lastKnownFileType = wrapper.framework; name = Cocoa.framework; path = System/Library/Frameworks/Cocoa.framework; sourceTree = SDKROOT; };
		07834A8A16071899009EC369 /* AppKit.framework */ = {isa = PBXFileReference; lastKnownFileType = wrapper.framework; name = AppKit.framework; path = System/Library/Frameworks/AppKit.framework; sourceTree = SDKROOT; };
		07834A8B16071899009EC369 /* CoreData.framework */ = {isa = PBXFileReference; lastKnownFileType = wrapper.framework; name = CoreData.framework; path = System/Library/Frameworks/CoreData.framework; sourceTree = SDKROOT; };
		07834A8C16071899009EC369 /* Foundation.framework */ = {isa = PBXFileReference; lastKnownFileType = wrapper.framework; name = Foundation.framework; path = System/Library/Frameworks/Foundation.framework; sourceTree = SDKROOT; };
		07834A8F16071899009EC369 /* OTPieViewExam-Info.plist */ = {isa = PBXFileReference; lastKnownFileType = text.plist.xml; path = "OTPieViewExam-Info.plist"; sourceTree = "<group>"; };
		07834A9116071899009EC369 /* en */ = {isa = PBXFileReference; lastKnownFileType = text.plist.strings; name = en; path = en.lproj/InfoPlist.strings; sourceTree = "<group>"; };
		07834A9316071899009EC369 /* main.m */ = {isa = PBXFileReference; lastKnownFileType = sourcecode.c.objc; path = main.m; sourceTree = "<group>"; };
		07834A9516071899009EC369 /* OTPieViewExam-Prefix.pch */ = {isa = PBXFileReference; lastKnownFileType = sourcecode.c.h; path = "OTPieViewExam-Prefix.pch"; sourceTree = "<group>"; };
		07834A9716071899009EC369 /* en */ = {isa = PBXFileReference; lastKnownFileType = text.rtf; name = en; path = en.lproj/Credits.rtf; sourceTree = "<group>"; };
		07834A9916071899009EC369 /* AppDelegate.h */ = {isa = PBXFileReference; lastKnownFileType = sourcecode.c.h; path = AppDelegate.h; sourceTree = "<group>"; };
		07834A9A16071899009EC369 /* AppDelegate.m */ = {isa = PBXFileReference; lastKnownFileType = sourcecode.c.objc; path = AppDelegate.m; sourceTree = "<group>"; };
		07834A9D16071899009EC369 /* en */ = {isa = PBXFileReference; lastKnownFileType = file.xib; name = en; path = en.lproj/MainMenu.xib; sourceTree = "<group>"; };
		0795EEC3162D5ED400BCE2EC /* OTCocoa.xcodeproj */ = {isa = PBXFileReference; lastKnownFileType = "wrapper.pb-project"; name = OTCocoa.xcodeproj; path = OTCocoa/OTCocoa.xcodeproj; sourceTree = "<group>"; };
/* End PBXFileReference section */

/* Begin PBXFrameworksBuildPhase section */
		07619D64164359CD0059E886 /* Frameworks */ = {
			isa = PBXFrameworksBuildPhase;
			buildActionMask = 2147483647;
			files = (
				072F362B1648FC6E0002D615 /* QuartzCore.framework in Frameworks */,
				072F36291648FC680002D615 /* Quartz.framework in Frameworks */,
				07619D69164359CD0059E886 /* Cocoa.framework in Frameworks */,
				07619D80164379950059E886 /* CorePlot.framework in Frameworks */,
			);
			runOnlyForDeploymentPostprocessing = 0;
		};
		07834A8016071899009EC369 /* Frameworks */ = {
			isa = PBXFrameworksBuildPhase;
			buildActionMask = 2147483647;
			files = (
				07834A8816071899009EC369 /* Cocoa.framework in Frameworks */,
				0795EEF5162D612500BCE2EC /* OTUIKit.framework in Frameworks */,
				0795EEF6162D612800BCE2EC /* OTFoundation.framework in Frameworks */,
			);
			runOnlyForDeploymentPostprocessing = 0;
		};
/* End PBXFrameworksBuildPhase section */

/* Begin PBXGroup section */
		07619D6A164359CD0059E886 /* OTHistogram */ = {
			isa = PBXGroup;
			children = (
				07619D76164359CD0059E886 /* AppDelegate.h */,
				07619D77164359CD0059E886 /* AppDelegate.m */,
				07619D8416439AEC0059E886 /* CorePlotView.h */,
				07619D8516439AEC0059E886 /* CorePlotView.m */,
				075D162316536CCC0023B4C1 /* HistogramLayer.h */,
				075D162416536CCC0023B4C1 /* HistogramLayer.m */,
				07619D79164359CD0059E886 /* MainMenu.xib */,
				07619D81164379A60059E886 /* private Framework */,
				07619D6B164359CD0059E886 /* Supporting Files */,
			);
			path = OTHistogram;
			sourceTree = "<group>";
		};
		07619D6B164359CD0059E886 /* Supporting Files */ = {
			isa = PBXGroup;
			children = (
				07619D6C164359CD0059E886 /* OTHistogram-Info.plist */,
				07619D6D164359CD0059E886 /* InfoPlist.strings */,
				07619D70164359CD0059E886 /* main.m */,
				07619D72164359CD0059E886 /* OTHistogram-Prefix.pch */,
				07619D73164359CD0059E886 /* Credits.rtf */,
			);
			name = "Supporting Files";
			sourceTree = "<group>";
		};
		07619D81164379A60059E886 /* private Framework */ = {
			isa = PBXGroup;
			children = (
				072F362A1648FC6E0002D615 /* QuartzCore.framework */,
				072F36281648FC680002D615 /* Quartz.framework */,
				07619D7F164379950059E886 /* CorePlot.framework */,
			);
			name = "private Framework";
			sourceTree = "<group>";
		};
		07834A7816071899009EC369 = {
			isa = PBXGroup;
			children = (
				0795EEC3162D5ED400BCE2EC /* OTCocoa.xcodeproj */,
				07834A8D16071899009EC369 /* OTPieViewExam */,
				07619D6A164359CD0059E886 /* OTHistogram */,
				07834A8616071899009EC369 /* Frameworks */,
				07834A8416071899009EC369 /* Products */,
			);
			sourceTree = "<group>";
		};
		07834A8416071899009EC369 /* Products */ = {
			isa = PBXGroup;
			children = (
				07834A8316071899009EC369 /* OTPieViewExam.app */,
				07619D67164359CD0059E886 /* OTHistogram.app */,
			);
			name = Products;
			sourceTree = "<group>";
		};
		07834A8616071899009EC369 /* Frameworks */ = {
			isa = PBXGroup;
			children = (
				07834A8716071899009EC369 /* Cocoa.framework */,
				07834A8916071899009EC369 /* Other Frameworks */,
			);
			name = Frameworks;
			sourceTree = "<group>";
		};
		07834A8916071899009EC369 /* Other Frameworks */ = {
			isa = PBXGroup;
			children = (
				07834A8A16071899009EC369 /* AppKit.framework */,
				07834A8B16071899009EC369 /* CoreData.framework */,
				07834A8C16071899009EC369 /* Foundation.framework */,
			);
			name = "Other Frameworks";
			sourceTree = "<group>";
		};
		07834A8D16071899009EC369 /* OTPieViewExam */ = {
			isa = PBXGroup;
			children = (
				07834A9916071899009EC369 /* AppDelegate.h */,
				07834A9A16071899009EC369 /* AppDelegate.m */,
				07834A9C16071899009EC369 /* MainMenu.xib */,
				07834A8E16071899009EC369 /* Supporting Files */,
			);
			path = OTPieViewExam;
			sourceTree = "<group>";
		};
		07834A8E16071899009EC369 /* Supporting Files */ = {
			isa = PBXGroup;
			children = (
				07834A8F16071899009EC369 /* OTPieViewExam-Info.plist */,
				07834A9016071899009EC369 /* InfoPlist.strings */,
				07834A9316071899009EC369 /* main.m */,
				07834A9516071899009EC369 /* OTPieViewExam-Prefix.pch */,
				07834A9616071899009EC369 /* Credits.rtf */,
			);
			name = "Supporting Files";
			sourceTree = "<group>";
		};
		0795EEC4162D5ED400BCE2EC /* Products */ = {
			isa = PBXGroup;
			children = (
				0795EED1162D5ED500BCE2EC /* OTCocoa.framework */,
				0795EED3162D5ED500BCE2EC /* OTCocoaTests.octest */,
				0795EED5162D5ED500BCE2EC /* OTFoundation.framework */,
				0795EED7162D5ED500BCE2EC /* OTFoundationTests.octest */,
				0795EED9162D5ED500BCE2EC /* OTUIKit.framework */,
				0795EEDB162D5ED500BCE2EC /* OTUIKitTests.octest */,
				0795EEDD162D5ED500BCE2EC /* OTComposerKit.framework */,
			);
			name = Products;
			sourceTree = "<group>";
		};
/* End PBXGroup section */

/* Begin PBXNativeTarget section */
		07619D66164359CD0059E886 /* OTHistogram */ = {
			isa = PBXNativeTarget;
			buildConfigurationList = 07619D7C164359CD0059E886 /* Build configuration list for PBXNativeTarget "OTHistogram" */;
			buildPhases = (
				07619D63164359CD0059E886 /* Sources */,
				07619D64164359CD0059E886 /* Frameworks */,
				07619D65164359CD0059E886 /* Resources */,
				07619D82164379BC0059E886 /* CopyFiles */,
			);
			buildRules = (
			);
			dependencies = (
			);
			name = OTHistogram;
			productName = OTHistogram;
			productReference = 07619D67164359CD0059E886 /* OTHistogram.app */;
			productType = "com.apple.product-type.application";
		};
		07834A8216071899009EC369 /* OTPieViewExam */ = {
			isa = PBXNativeTarget;
			buildConfigurationList = 07834AA116071899009EC369 /* Build configuration list for PBXNativeTarget "OTPieViewExam" */;
			buildPhases = (
				07834A7F16071899009EC369 /* Sources */,
				07834A8016071899009EC369 /* Frameworks */,
				07834A8116071899009EC369 /* Resources */,
				07A0C3BC160821F200573812 /* CopyFiles */,
			);
			buildRules = (
			);
			dependencies = (
			);
			name = OTPieViewExam;
			productName = OTPieViewExam;
			productReference = 07834A8316071899009EC369 /* OTPieViewExam.app */;
			productType = "com.apple.product-type.application";
		};
/* End PBXNativeTarget section */

/* Begin PBXProject section */
		07834A7A16071899009EC369 /* Project object */ = {
			isa = PBXProject;
			attributes = {
				LastUpgradeCheck = 0440;
				ORGANIZATIONNAME = "Ortery Technology, Inc.";
			};
			buildConfigurationList = 07834A7D16071899009EC369 /* Build configuration list for PBXProject "OTPieViewExam" */;
			compatibilityVersion = "Xcode 3.2";
			developmentRegion = English;
			hasScannedForEncodings = 0;
			knownRegions = (
				en,
			);
			mainGroup = 07834A7816071899009EC369;
			productRefGroup = 07834A8416071899009EC369 /* Products */;
			projectDirPath = "";
			projectReferences = (
				{
					ProductGroup = 0795EEC4162D5ED400BCE2EC /* Products */;
					ProjectRef = 0795EEC3162D5ED400BCE2EC /* OTCocoa.xcodeproj */;
				},
			);
			projectRoot = "";
			targets = (
				07834A8216071899009EC369 /* OTPieViewExam */,
				07619D66164359CD0059E886 /* OTHistogram */,
			);
		};
/* End PBXProject section */

/* Begin PBXReferenceProxy section */
		0795EED1162D5ED500BCE2EC /* OTCocoa.framework */ = {
			isa = PBXReferenceProxy;
			fileType = wrapper.framework;
			path = OTCocoa.framework;
			remoteRef = 0795EED0162D5ED500BCE2EC /* PBXContainerItemProxy */;
			sourceTree = BUILT_PRODUCTS_DIR;
		};
		0795EED3162D5ED500BCE2EC /* OTCocoaTests.octest */ = {
			isa = PBXReferenceProxy;
			fileType = wrapper.cfbundle;
			path = OTCocoaTests.octest;
			remoteRef = 0795EED2162D5ED500BCE2EC /* PBXContainerItemProxy */;
			sourceTree = BUILT_PRODUCTS_DIR;
		};
		0795EED5162D5ED500BCE2EC /* OTFoundation.framework */ = {
			isa = PBXReferenceProxy;
			fileType = wrapper.framework;
			path = OTFoundation.framework;
			remoteRef = 0795EED4162D5ED500BCE2EC /* PBXContainerItemProxy */;
			sourceTree = BUILT_PRODUCTS_DIR;
		};
		0795EED7162D5ED500BCE2EC /* OTFoundationTests.octest */ = {
			isa = PBXReferenceProxy;
			fileType = wrapper.cfbundle;
			path = OTFoundationTests.octest;
			remoteRef = 0795EED6162D5ED500BCE2EC /* PBXContainerItemProxy */;
			sourceTree = BUILT_PRODUCTS_DIR;
		};
		0795EED9162D5ED500BCE2EC /* OTUIKit.framework */ = {
			isa = PBXReferenceProxy;
			fileType = wrapper.framework;
			path = OTUIKit.framework;
			remoteRef = 0795EED8162D5ED500BCE2EC /* PBXContainerItemProxy */;
			sourceTree = BUILT_PRODUCTS_DIR;
		};
		0795EEDB162D5ED500BCE2EC /* OTUIKitTests.octest */ = {
			isa = PBXReferenceProxy;
			fileType = wrapper.cfbundle;
			path = OTUIKitTests.octest;
			remoteRef = 0795EEDA162D5ED500BCE2EC /* PBXContainerItemProxy */;
			sourceTree = BUILT_PRODUCTS_DIR;
		};
		0795EEDD162D5ED500BCE2EC /* OTComposerKit.framework */ = {
			isa = PBXReferenceProxy;
			fileType = wrapper.framework;
			path = OTComposerKit.framework;
			remoteRef = 0795EEDC162D5ED500BCE2EC /* PBXContainerItemProxy */;
			sourceTree = BUILT_PRODUCTS_DIR;
		};
/* End PBXReferenceProxy section */

/* Begin PBXResourcesBuildPhase section */
		07619D65164359CD0059E886 /* Resources */ = {
			isa = PBXResourcesBuildPhase;
			buildActionMask = 2147483647;
			files = (
				07619D6F164359CD0059E886 /* InfoPlist.strings in Resources */,
				07619D75164359CD0059E886 /* Credits.rtf in Resources */,
				07619D7B164359CD0059E886 /* MainMenu.xib in Resources */,
			);
			runOnlyForDeploymentPostprocessing = 0;
		};
		07834A8116071899009EC369 /* Resources */ = {
			isa = PBXResourcesBuildPhase;
			buildActionMask = 2147483647;
			files = (
				07834A9216071899009EC369 /* InfoPlist.strings in Resources */,
				07834A9816071899009EC369 /* Credits.rtf in Resources */,
				07834A9E16071899009EC369 /* MainMenu.xib in Resources */,
			);
			runOnlyForDeploymentPostprocessing = 0;
		};
/* End PBXResourcesBuildPhase section */

/* Begin PBXSourcesBuildPhase section */
		07619D63164359CD0059E886 /* Sources */ = {
			isa = PBXSourcesBuildPhase;
			buildActionMask = 2147483647;
			files = (
				07619D71164359CD0059E886 /* main.m in Sources */,
				07619D78164359CD0059E886 /* AppDelegate.m in Sources */,
				07619D8616439AEC0059E886 /* CorePlotView.m in Sources */,
				075D162516536CCC0023B4C1 /* HistogramLayer.m in Sources */,
			);
			runOnlyForDeploymentPostprocessing = 0;
		};
		07834A7F16071899009EC369 /* Sources */ = {
			isa = PBXSourcesBuildPhase;
			buildActionMask = 2147483647;
			files = (
				07834A9416071899009EC369 /* main.m in Sources */,
				07834A9B16071899009EC369 /* AppDelegate.m in Sources */,
			);
			runOnlyForDeploymentPostprocessing = 0;
		};
/* End PBXSourcesBuildPhase section */

/* Begin PBXVariantGroup section */
		07619D6D164359CD0059E886 /* InfoPlist.strings */ = {
			isa = PBXVariantGroup;
			children = (
				07619D6E164359CD0059E886 /* en */,
			);
			name = InfoPlist.strings;
			sourceTree = "<group>";
		};
		07619D73164359CD0059E886 /* Credits.rtf */ = {
			isa = PBXVariantGroup;
			children = (
				07619D74164359CD0059E886 /* en */,
			);
			name = Credits.rtf;
			sourceTree = "<group>";
		};
		07619D79164359CD0059E886 /* MainMenu.xib */ = {
			isa = PBXVariantGroup;
			children = (
				07619D7A164359CD0059E886 /* en */,
			);
			name = MainMenu.xib;
			sourceTree = "<group>";
		};
		07834A9016071899009EC369 /* InfoPlist.strings */ = {
			isa = PBXVariantGroup;
			children = (
				07834A9116071899009EC369 /* en */,
			);
			name = InfoPlist.strings;
			sourceTree = "<group>";
		};
		07834A9616071899009EC369 /* Credits.rtf */ = {
			isa = PBXVariantGroup;
			children = (
				07834A9716071899009EC369 /* en */,
			);
			name = Credits.rtf;
			sourceTree = "<group>";
		};
		07834A9C16071899009EC369 /* MainMenu.xib */ = {
			isa = PBXVariantGroup;
			children = (
				07834A9D16071899009EC369 /* en */,
			);
			name = MainMenu.xib;
			sourceTree = "<group>";
		};
/* End PBXVariantGroup section */

/* Begin XCBuildConfiguration section */
		07619D7D164359CD0059E886 /* Debug */ = {
			isa = XCBuildConfiguration;
			buildSettings = {
				CLANG_CXX_LIBRARY = "libc++";
				CLANG_WARN_EMPTY_BODY = YES;
				COMBINE_HIDPI_IMAGES = YES;
				FRAMEWORK_SEARCH_PATHS = (
					"$(inherited)",
					"\"$(SRCROOT)/OTHistogram\"",
				);
				GCC_PRECOMPILE_PREFIX_HEADER = YES;
				GCC_PREFIX_HEADER = "OTHistogram/OTHistogram-Prefix.pch";
				INFOPLIST_FILE = "OTHistogram/OTHistogram-Info.plist";
				PRODUCT_NAME = "$(TARGET_NAME)";
				WRAPPER_EXTENSION = app;
			};
			name = Debug;
		};
		07619D7E164359CD0059E886 /* Release */ = {
			isa = XCBuildConfiguration;
			buildSettings = {
				CLANG_CXX_LIBRARY = "libc++";
				CLANG_WARN_EMPTY_BODY = YES;
				COMBINE_HIDPI_IMAGES = YES;
				FRAMEWORK_SEARCH_PATHS = (
					"$(inherited)",
					"\"$(SRCROOT)/OTHistogram\"",
				);
				GCC_PRECOMPILE_PREFIX_HEADER = YES;
				GCC_PREFIX_HEADER = "OTHistogram/OTHistogram-Prefix.pch";
				INFOPLIST_FILE = "OTHistogram/OTHistogram-Info.plist";
				PRODUCT_NAME = "$(TARGET_NAME)";
				WRAPPER_EXTENSION = app;
			};
			name = Release;
		};
		07834A9F16071899009EC369 /* Debug */ = {
			isa = XCBuildConfiguration;
			buildSettings = {
				ALWAYS_SEARCH_USER_PATHS = NO;
				ARCHS = "$(ARCHS_STANDARD_64_BIT)";
				CLANG_CXX_LANGUAGE_STANDARD = "gnu++0x";
				CLANG_WARN__DUPLICATE_METHOD_MATCH = YES;
				COPY_PHASE_STRIP = NO;
				GCC_C_LANGUAGE_STANDARD = gnu99;
				GCC_DYNAMIC_NO_PIC = NO;
				GCC_ENABLE_OBJC_EXCEPTIONS = YES;
				GCC_OPTIMIZATION_LEVEL = 0;
				GCC_PREPROCESSOR_DEFINITIONS = (
					"DEBUG=1",
					"$(inherited)",
				);
				GCC_SYMBOLS_PRIVATE_EXTERN = NO;
				GCC_WARN_64_TO_32_BIT_CONVERSION = YES;
				GCC_WARN_ABOUT_RETURN_TYPE = YES;
				GCC_WARN_UNINITIALIZED_AUTOS = YES;
				GCC_WARN_UNUSED_VARIABLE = YES;
				MACOSX_DEPLOYMENT_TARGET = 10.7;
				ONLY_ACTIVE_ARCH = YES;
				SDKROOT = macosx;
			};
			name = Debug;
		};
		07834AA016071899009EC369 /* Release */ = {
			isa = XCBuildConfiguration;
			buildSettings = {
				ALWAYS_SEARCH_USER_PATHS = NO;
				ARCHS = "$(ARCHS_STANDARD_64_BIT)";
				CLANG_CXX_LANGUAGE_STANDARD = "gnu++0x";
				CLANG_WARN__DUPLICATE_METHOD_MATCH = YES;
				COPY_PHASE_STRIP = YES;
				DEBUG_INFORMATION_FORMAT = "dwarf-with-dsym";
				GCC_C_LANGUAGE_STANDARD = gnu99;
				GCC_ENABLE_OBJC_EXCEPTIONS = YES;
				GCC_WARN_64_TO_32_BIT_CONVERSION = YES;
				GCC_WARN_ABOUT_RETURN_TYPE = YES;
				GCC_WARN_UNINITIALIZED_AUTOS = YES;
				GCC_WARN_UNUSED_VARIABLE = YES;
				MACOSX_DEPLOYMENT_TARGET = 10.7;
				SDKROOT = macosx;
			};
			name = Release;
		};
		07834AA216071899009EC369 /* Debug */ = {
			isa = XCBuildConfiguration;
			buildSettings = {
				ARCHS = "$(ARCHS_STANDARD_64_BIT)";
				COMBINE_HIDPI_IMAGES = YES;
				GCC_PRECOMPILE_PREFIX_HEADER = YES;
				GCC_PREFIX_HEADER = "OTPieViewExam/OTPieViewExam-Prefix.pch";
				INFOPLIST_FILE = "OTPieViewExam/OTPieViewExam-Info.plist";
				PRODUCT_NAME = "$(TARGET_NAME)";
				SDKROOT = macosx;
				WRAPPER_EXTENSION = app;
			};
			name = Debug;
		};
		07834AA316071899009EC369 /* Release */ = {
			isa = XCBuildConfiguration;
			buildSettings = {
				ARCHS = "$(ARCHS_STANDARD_64_BIT)";
				COMBINE_HIDPI_IMAGES = YES;
				GCC_PRECOMPILE_PREFIX_HEADER = YES;
				GCC_PREFIX_HEADER = "OTPieViewExam/OTPieViewExam-Prefix.pch";
				INFOPLIST_FILE = "OTPieViewExam/OTPieViewExam-Info.plist";
				PRODUCT_NAME = "$(TARGET_NAME)";
				SDKROOT = macosx;
				WRAPPER_EXTENSION = app;
			};
			name = Release;
		};
/* End XCBuildConfiguration section */

/* Begin XCConfigurationList section */
		07619D7C164359CD0059E886 /* Build configuration list for PBXNativeTarget "OTHistogram" */ = {
			isa = XCConfigurationList;
			buildConfigurations = (
				07619D7D164359CD0059E886 /* Debug */,
				07619D7E164359CD0059E886 /* Release */,
			);
			defaultConfigurationIsVisible = 0;
			defaultConfigurationName = Release;
		};
		07834A7D16071899009EC369 /* Build configuration list for PBXProject "OTPieViewExam" */ = {
			isa = XCConfigurationList;
			buildConfigurations = (
				07834A9F16071899009EC369 /* Debug */,
				07834AA016071899009EC369 /* Release */,
			);
			defaultConfigurationIsVisible = 0;
			defaultConfigurationName = Release;
		};
		07834AA116071899009EC369 /* Build configuration list for PBXNativeTarget "OTPieViewExam" */ = {
			isa = XCConfigurationList;
			buildConfigurations = (
				07834AA216071899009EC369 /* Debug */,
				07834AA316071899009EC369 /* Release */,
			);
			defaultConfigurationIsVisible = 0;
			defaultConfigurationName = Release;
		};
/* End XCConfigurationList section */
	};
	rootObject = 07834A7A16071899009EC369 /* Project object */;
}
