// !$*UTF8*$!
{
	archiveVersion = 1;
	classes = {
	};
	objectVersion = 46;
	objects = {

/* Begin PBXBuildFile section */
		07834A8816071899009EC369 /* Cocoa.framework in Frameworks */ = {isa = PBXBuildFile; fileRef = 07834A8716071899009EC369 /* Cocoa.framework */; };
		07834A9216071899009EC369 /* InfoPlist.strings in Resources */ = {isa = PBXBuildFile; fileRef = 07834A9016071899009EC369 /* InfoPlist.strings */; };
		07834A9416071899009EC369 /* main.m in Sources */ = {isa = PBXBuildFile; fileRef = 07834A9316071899009EC369 /* main.m */; };
		07834A9816071899009EC369 /* Credits.rtf in Resources */ = {isa = PBXBuildFile; fileRef = 07834A9616071899009EC369 /* Credits.rtf */; };
		07834A9B16071899009EC369 /* AppDelegate.m in Sources */ = {isa = PBXBuildFile; fileRef = 07834A9A16071899009EC369 /* AppDelegate.m */; };
		07834A9E16071899009EC369 /* MainMenu.xib in Resources */ = {isa = PBXBuildFile; fileRef = 07834A9C16071899009EC369 /* MainMenu.xib */; };
		07A0C3BD160821FD00573812 /* OTFoundation.framework in Frameworks */ = {isa = PBXBuildFile; fileRef = 07A0C3B2160821E100573812 /* OTFoundation.framework */; };
		07A0C3BE160821FD00573812 /* OTUIKit.framework in Frameworks */ = {isa = PBXBuildFile; fileRef = 07A0C3B6160821E100573812 /* OTUIKit.framework */; };
		07A0C3BF1608220600573812 /* OTFoundation.framework in CopyFiles */ = {isa = PBXBuildFile; fileRef = 07A0C3B2160821E100573812 /* OTFoundation.framework */; };
		07A0C3C01608220600573812 /* OTUIKit.framework in CopyFiles */ = {isa = PBXBuildFile; fileRef = 07A0C3B6160821E100573812 /* OTUIKit.framework */; };
/* End PBXBuildFile section */

/* Begin PBXContainerItemProxy section */
		07A0C3AD160821E100573812 /* PBXContainerItemProxy */ = {
			isa = PBXContainerItemProxy;
			containerPortal = 07A0C39F160821E100573812 /* OTCocoa.xcodeproj */;
			proxyType = 2;
			remoteGlobalIDString = 9FA07CF115C1B2C400B276EC;
			remoteInfo = OTCocoa;
		};
		07A0C3AF160821E100573812 /* PBXContainerItemProxy */ = {
			isa = PBXContainerItemProxy;
			containerPortal = 07A0C39F160821E100573812 /* OTCocoa.xcodeproj */;
			proxyType = 2;
			remoteGlobalIDString = 9FA07D0915C1B2C400B276EC;
			remoteInfo = OTCocoaTests;
		};
		07A0C3B1160821E100573812 /* PBXContainerItemProxy */ = {
			isa = PBXContainerItemProxy;
			containerPortal = 07A0C39F160821E100573812 /* OTCocoa.xcodeproj */;
			proxyType = 2;
			remoteGlobalIDString = 9FA07D2615C1B32300B276EC;
			remoteInfo = OTFoundation;
		};
		07A0C3B3160821E100573812 /* PBXContainerItemProxy */ = {
			isa = PBXContainerItemProxy;
			containerPortal = 07A0C39F160821E100573812 /* OTCocoa.xcodeproj */;
			proxyType = 2;
			remoteGlobalIDString = 9FA07D3715C1B32300B276EC;
			remoteInfo = OTFoundationTests;
		};
		07A0C3B5160821E100573812 /* PBXContainerItemProxy */ = {
			isa = PBXContainerItemProxy;
			containerPortal = 07A0C39F160821E100573812 /* OTCocoa.xcodeproj */;
			proxyType = 2;
			remoteGlobalIDString = 9FA07D5115C1B33800B276EC;
			remoteInfo = OTUIKit;
		};
		07A0C3B7160821E100573812 /* PBXContainerItemProxy */ = {
			isa = PBXContainerItemProxy;
			containerPortal = 07A0C39F160821E100573812 /* OTCocoa.xcodeproj */;
			proxyType = 2;
			remoteGlobalIDString = 9FA07D6215C1B33800B276EC;
			remoteInfo = OTUIKitTests;
		};
		07A0C3B9160821E100573812 /* PBXContainerItemProxy */ = {
			isa = PBXContainerItemProxy;
			containerPortal = 07A0C39F160821E100573812 /* OTCocoa.xcodeproj */;
			proxyType = 2;
			remoteGlobalIDString = 07B72E4D15E32D55005E4983;
			remoteInfo = ImageTest;
		};
/* End PBXContainerItemProxy section */

/* Begin PBXCopyFilesBuildPhase section */
		07A0C3BC160821F200573812 /* CopyFiles */ = {
			isa = PBXCopyFilesBuildPhase;
			buildActionMask = 2147483647;
			dstPath = "";
			dstSubfolderSpec = 10;
			files = (
				07A0C3BF1608220600573812 /* OTFoundation.framework in CopyFiles */,
				07A0C3C01608220600573812 /* OTUIKit.framework in CopyFiles */,
			);
			runOnlyForDeploymentPostprocessing = 0;
		};
/* End PBXCopyFilesBuildPhase section */

/* Begin PBXFileReference section */
		07834A8316071899009EC369 /* OTPieViewExam.app */ = {isa = PBXFileReference; explicitFileType = wrapper.application; includeInIndex = 0; path = OTPieViewExam.app; sourceTree = BUILT_PRODUCTS_DIR; };
		07834A8716071899009EC369 /* Cocoa.framework */ = {isa = PBXFileReference; lastKnownFileType = wrapper.framework; name = Cocoa.framework; path = System/Library/Frameworks/Cocoa.framework; sourceTree = SDKROOT; };
		07834A8A16071899009EC369 /* AppKit.framework */ = {isa = PBXFileReference; lastKnownFileType = wrapper.framework; name = AppKit.framework; path = System/Library/Frameworks/AppKit.framework; sourceTree = SDKROOT; };
		07834A8B16071899009EC369 /* CoreData.framework */ = {isa = PBXFileReference; lastKnownFileType = wrapper.framework; name = CoreData.framework; path = System/Library/Frameworks/CoreData.framework; sourceTree = SDKROOT; };
		07834A8C16071899009EC369 /* Foundation.framework */ = {isa = PBXFileReference; lastKnownFileType = wrapper.framework; name = Foundation.framework; path = System/Library/Frameworks/Foundation.framework; sourceTree = SDKROOT; };
		07834A8F16071899009EC369 /* OTPieViewExam-Info.plist */ = {isa = PBXFileReference; lastKnownFileType = text.plist.xml; path = "OTPieViewExam-Info.plist"; sourceTree = "<group>"; };
		07834A9116071899009EC369 /* en */ = {isa = PBXFileReference; lastKnownFileType = text.plist.strings; name = en; path = en.lproj/InfoPlist.strings; sourceTree = "<group>"; };
		07834A9316071899009EC369 /* main.m */ = {isa = PBXFileReference; lastKnownFileType = sourcecode.c.objc; path = main.m; sourceTree = "<group>"; };
		07834A9516071899009EC369 /* OTPieViewExam-Prefix.pch */ = {isa = PBXFileReference; lastKnownFileType = sourcecode.c.h; path = "OTPieViewExam-Prefix.pch"; sourceTree = "<group>"; };
		07834A9716071899009EC369 /* en */ = {isa = PBXFileReference; lastKnownFileType = text.rtf; name = en; path = en.lproj/Credits.rtf; sourceTree = "<group>"; };
		07834A9916071899009EC369 /* AppDelegate.h */ = {isa = PBXFileReference; lastKnownFileType = sourcecode.c.h; path = AppDelegate.h; sourceTree = "<group>"; };
		07834A9A16071899009EC369 /* AppDelegate.m */ = {isa = PBXFileReference; lastKnownFileType = sourcecode.c.objc; path = AppDelegate.m; sourceTree = "<group>"; };
		07834A9D16071899009EC369 /* en */ = {isa = PBXFileReference; lastKnownFileType = file.xib; name = en; path = en.lproj/MainMenu.xib; sourceTree = "<group>"; };
		07A0C39F160821E100573812 /* OTCocoa.xcodeproj */ = {isa = PBXFileReference; lastKnownFileType = "wrapper.pb-project"; name = OTCocoa.xcodeproj; path = OTCocoa/OTCocoa.xcodeproj; sourceTree = "<group>"; };
/* End PBXFileReference section */

/* Begin PBXFrameworksBuildPhase section */
		07834A8016071899009EC369 /* Frameworks */ = {
			isa = PBXFrameworksBuildPhase;
			buildActionMask = 2147483647;
			files = (
				07A0C3BD160821FD00573812 /* OTFoundation.framework in Frameworks */,
				07A0C3BE160821FD00573812 /* OTUIKit.framework in Frameworks */,
				07834A8816071899009EC369 /* Cocoa.framework in Frameworks */,
			);
			runOnlyForDeploymentPostprocessing = 0;
		};
/* End PBXFrameworksBuildPhase section */

/* Begin PBXGroup section */
		07834A7816071899009EC369 = {
			isa = PBXGroup;
			children = (
				07A0C39F160821E100573812 /* OTCocoa.xcodeproj */,
				07834A8D16071899009EC369 /* OTPieViewExam */,
				07834A8616071899009EC369 /* Frameworks */,
				07834A8416071899009EC369 /* Products */,
			);
			sourceTree = "<group>";
		};
		07834A8416071899009EC369 /* Products */ = {
			isa = PBXGroup;
			children = (
				07834A8316071899009EC369 /* OTPieViewExam.app */,
			);
			name = Products;
			sourceTree = "<group>";
		};
		07834A8616071899009EC369 /* Frameworks */ = {
			isa = PBXGroup;
			children = (
				07834A8716071899009EC369 /* Cocoa.framework */,
				07834A8916071899009EC369 /* Other Frameworks */,
			);
			name = Frameworks;
			sourceTree = "<group>";
		};
		07834A8916071899009EC369 /* Other Frameworks */ = {
			isa = PBXGroup;
			children = (
				07834A8A16071899009EC369 /* AppKit.framework */,
				07834A8B16071899009EC369 /* CoreData.framework */,
				07834A8C16071899009EC369 /* Foundation.framework */,
			);
			name = "Other Frameworks";
			sourceTree = "<group>";
		};
		07834A8D16071899009EC369 /* OTPieViewExam */ = {
			isa = PBXGroup;
			children = (
				07834A9916071899009EC369 /* AppDelegate.h */,
				07834A9A16071899009EC369 /* AppDelegate.m */,
				07834A9C16071899009EC369 /* MainMenu.xib */,
				07834A8E16071899009EC369 /* Supporting Files */,
			);
			path = OTPieViewExam;
			sourceTree = "<group>";
		};
		07834A8E16071899009EC369 /* Supporting Files */ = {
			isa = PBXGroup;
			children = (
				07834A8F16071899009EC369 /* OTPieViewExam-Info.plist */,
				07834A9016071899009EC369 /* InfoPlist.strings */,
				07834A9316071899009EC369 /* main.m */,
				07834A9516071899009EC369 /* OTPieViewExam-Prefix.pch */,
				07834A9616071899009EC369 /* Credits.rtf */,
			);
			name = "Supporting Files";
			sourceTree = "<group>";
		};
		07A0C3A0160821E100573812 /* Products */ = {
			isa = PBXGroup;
			children = (
				07A0C3AE160821E100573812 /* OTCocoa.framework */,
				07A0C3B0160821E100573812 /* OTCocoaTests.octest */,
				07A0C3B2160821E100573812 /* OTFoundation.framework */,
				07A0C3B4160821E100573812 /* OTFoundationTests.octest */,
				07A0C3B6160821E100573812 /* OTUIKit.framework */,
				07A0C3B8160821E100573812 /* OTUIKitTests.octest */,
				07A0C3BA160821E100573812 /* ImageTest.app */,
			);
			name = Products;
			sourceTree = "<group>";
		};
/* End PBXGroup section */

/* Begin PBXNativeTarget section */
		07834A8216071899009EC369 /* OTPieViewExam */ = {
			isa = PBXNativeTarget;
			buildConfigurationList = 07834AA116071899009EC369 /* Build configuration list for PBXNativeTarget "OTPieViewExam" */;
			buildPhases = (
				07834A7F16071899009EC369 /* Sources */,
				07834A8016071899009EC369 /* Frameworks */,
				07834A8116071899009EC369 /* Resources */,
				07A0C3BC160821F200573812 /* CopyFiles */,
			);
			buildRules = (
			);
			dependencies = (
			);
			name = OTPieViewExam;
			productName = OTPieViewExam;
			productReference = 07834A8316071899009EC369 /* OTPieViewExam.app */;
			productType = "com.apple.product-type.application";
		};
/* End PBXNativeTarget section */

/* Begin PBXProject section */
		07834A7A16071899009EC369 /* Project object */ = {
			isa = PBXProject;
			attributes = {
				LastUpgradeCheck = 0440;
				ORGANIZATIONNAME = "Eric Yeh";
			};
			buildConfigurationList = 07834A7D16071899009EC369 /* Build configuration list for PBXProject "OTPieViewExam" */;
			compatibilityVersion = "Xcode 3.2";
			developmentRegion = English;
			hasScannedForEncodings = 0;
			knownRegions = (
				en,
			);
			mainGroup = 07834A7816071899009EC369;
			productRefGroup = 07834A8416071899009EC369 /* Products */;
			projectDirPath = "";
			projectReferences = (
				{
					ProductGroup = 07A0C3A0160821E100573812 /* Products */;
					ProjectRef = 07A0C39F160821E100573812 /* OTCocoa.xcodeproj */;
				},
			);
			projectRoot = "";
			targets = (
				07834A8216071899009EC369 /* OTPieViewExam */,
			);
		};
/* End PBXProject section */

/* Begin PBXReferenceProxy section */
		07A0C3AE160821E100573812 /* OTCocoa.framework */ = {
			isa = PBXReferenceProxy;
			fileType = wrapper.framework;
			path = OTCocoa.framework;
			remoteRef = 07A0C3AD160821E100573812 /* PBXContainerItemProxy */;
			sourceTree = BUILT_PRODUCTS_DIR;
		};
		07A0C3B0160821E100573812 /* OTCocoaTests.octest */ = {
			isa = PBXReferenceProxy;
			fileType = wrapper.cfbundle;
			path = OTCocoaTests.octest;
			remoteRef = 07A0C3AF160821E100573812 /* PBXContainerItemProxy */;
			sourceTree = BUILT_PRODUCTS_DIR;
		};
		07A0C3B2160821E100573812 /* OTFoundation.framework */ = {
			isa = PBXReferenceProxy;
			fileType = wrapper.framework;
			path = OTFoundation.framework;
			remoteRef = 07A0C3B1160821E100573812 /* PBXContainerItemProxy */;
			sourceTree = BUILT_PRODUCTS_DIR;
		};
		07A0C3B4160821E100573812 /* OTFoundationTests.octest */ = {
			isa = PBXReferenceProxy;
			fileType = wrapper.cfbundle;
			path = OTFoundationTests.octest;
			remoteRef = 07A0C3B3160821E100573812 /* PBXContainerItemProxy */;
			sourceTree = BUILT_PRODUCTS_DIR;
		};
		07A0C3B6160821E100573812 /* OTUIKit.framework */ = {
			isa = PBXReferenceProxy;
			fileType = wrapper.framework;
			path = OTUIKit.framework;
			remoteRef = 07A0C3B5160821E100573812 /* PBXContainerItemProxy */;
			sourceTree = BUILT_PRODUCTS_DIR;
		};
		07A0C3B8160821E100573812 /* OTUIKitTests.octest */ = {
			isa = PBXReferenceProxy;
			fileType = wrapper.cfbundle;
			path = OTUIKitTests.octest;
			remoteRef = 07A0C3B7160821E100573812 /* PBXContainerItemProxy */;
			sourceTree = BUILT_PRODUCTS_DIR;
		};
		07A0C3BA160821E100573812 /* ImageTest.app */ = {
			isa = PBXReferenceProxy;
			fileType = wrapper.application;
			path = ImageTest.app;
			remoteRef = 07A0C3B9160821E100573812 /* PBXContainerItemProxy */;
			sourceTree = BUILT_PRODUCTS_DIR;
		};
/* End PBXReferenceProxy section */

/* Begin PBXResourcesBuildPhase section */
		07834A8116071899009EC369 /* Resources */ = {
			isa = PBXResourcesBuildPhase;
			buildActionMask = 2147483647;
			files = (
				07834A9216071899009EC369 /* InfoPlist.strings in Resources */,
				07834A9816071899009EC369 /* Credits.rtf in Resources */,
				07834A9E16071899009EC369 /* MainMenu.xib in Resources */,
			);
			runOnlyForDeploymentPostprocessing = 0;
		};
/* End PBXResourcesBuildPhase section */

/* Begin PBXSourcesBuildPhase section */
		07834A7F16071899009EC369 /* Sources */ = {
			isa = PBXSourcesBuildPhase;
			buildActionMask = 2147483647;
			files = (
				07834A9416071899009EC369 /* main.m in Sources */,
				07834A9B16071899009EC369 /* AppDelegate.m in Sources */,
			);
			runOnlyForDeploymentPostprocessing = 0;
		};
/* End PBXSourcesBuildPhase section */

/* Begin PBXVariantGroup section */
		07834A9016071899009EC369 /* InfoPlist.strings */ = {
			isa = PBXVariantGroup;
			children = (
				07834A9116071899009EC369 /* en */,
			);
			name = InfoPlist.strings;
			sourceTree = "<group>";
		};
		07834A9616071899009EC369 /* Credits.rtf */ = {
			isa = PBXVariantGroup;
			children = (
				07834A9716071899009EC369 /* en */,
			);
			name = Credits.rtf;
			sourceTree = "<group>";
		};
		07834A9C16071899009EC369 /* MainMenu.xib */ = {
			isa = PBXVariantGroup;
			children = (
				07834A9D16071899009EC369 /* en */,
			);
			name = MainMenu.xib;
			sourceTree = "<group>";
		};
/* End PBXVariantGroup section */

/* Begin XCBuildConfiguration section */
		07834A9F16071899009EC369 /* Debug */ = {
			isa = XCBuildConfiguration;
			buildSettings = {
				ALWAYS_SEARCH_USER_PATHS = NO;
				ARCHS = "$(ARCHS_STANDARD_64_BIT)";
				CLANG_CXX_LANGUAGE_STANDARD = "gnu++0x";
				CLANG_WARN__DUPLICATE_METHOD_MATCH = YES;
				COPY_PHASE_STRIP = NO;
				GCC_C_LANGUAGE_STANDARD = gnu99;
				GCC_DYNAMIC_NO_PIC = NO;
				GCC_ENABLE_OBJC_EXCEPTIONS = YES;
				GCC_OPTIMIZATION_LEVEL = 0;
				GCC_PREPROCESSOR_DEFINITIONS = (
					"DEBUG=1",
					"$(inherited)",
				);
				GCC_SYMBOLS_PRIVATE_EXTERN = NO;
				GCC_WARN_64_TO_32_BIT_CONVERSION = YES;
				GCC_WARN_ABOUT_RETURN_TYPE = YES;
				GCC_WARN_UNINITIALIZED_AUTOS = YES;
				GCC_WARN_UNUSED_VARIABLE = YES;
				MACOSX_DEPLOYMENT_TARGET = 10.7;
				ONLY_ACTIVE_ARCH = YES;
				SDKROOT = macosx;
			};
			name = Debug;
		};
		07834AA016071899009EC369 /* Release */ = {
			isa = XCBuildConfiguration;
			buildSettings = {
				ALWAYS_SEARCH_USER_PATHS = NO;
				ARCHS = "$(ARCHS_STANDARD_64_BIT)";
				CLANG_CXX_LANGUAGE_STANDARD = "gnu++0x";
				CLANG_WARN__DUPLICATE_METHOD_MATCH = YES;
				COPY_PHASE_STRIP = YES;
				DEBUG_INFORMATION_FORMAT = "dwarf-with-dsym";
				GCC_C_LANGUAGE_STANDARD = gnu99;
				GCC_ENABLE_OBJC_EXCEPTIONS = YES;
				GCC_WARN_64_TO_32_BIT_CONVERSION = YES;
				GCC_WARN_ABOUT_RETURN_TYPE = YES;
				GCC_WARN_UNINITIALIZED_AUTOS = YES;
				GCC_WARN_UNUSED_VARIABLE = YES;
				MACOSX_DEPLOYMENT_TARGET = 10.7;
				SDKROOT = macosx;
			};
			name = Release;
		};
		07834AA216071899009EC369 /* Debug */ = {
			isa = XCBuildConfiguration;
			buildSettings = {
				COMBINE_HIDPI_IMAGES = YES;
				GCC_PRECOMPILE_PREFIX_HEADER = YES;
				GCC_PREFIX_HEADER = "OTPieViewExam/OTPieViewExam-Prefix.pch";
				INFOPLIST_FILE = "OTPieViewExam/OTPieViewExam-Info.plist";
				PRODUCT_NAME = "$(TARGET_NAME)";
				WRAPPER_EXTENSION = app;
			};
			name = Debug;
		};
		07834AA316071899009EC369 /* Release */ = {
			isa = XCBuildConfiguration;
			buildSettings = {
				COMBINE_HIDPI_IMAGES = YES;
				GCC_PRECOMPILE_PREFIX_HEADER = YES;
				GCC_PREFIX_HEADER = "OTPieViewExam/OTPieViewExam-Prefix.pch";
				INFOPLIST_FILE = "OTPieViewExam/OTPieViewExam-Info.plist";
				PRODUCT_NAME = "$(TARGET_NAME)";
				WRAPPER_EXTENSION = app;
			};
			name = Release;
		};
/* End XCBuildConfiguration section */

/* Begin XCConfigurationList section */
		07834A7D16071899009EC369 /* Build configuration list for PBXProject "OTPieViewExam" */ = {
			isa = XCConfigurationList;
			buildConfigurations = (
				07834A9F16071899009EC369 /* Debug */,
				07834AA016071899009EC369 /* Release */,
			);
			defaultConfigurationIsVisible = 0;
			defaultConfigurationName = Release;
		};
		07834AA116071899009EC369 /* Build configuration list for PBXNativeTarget "OTPieViewExam" */ = {
			isa = XCConfigurationList;
			buildConfigurations = (
				07834AA216071899009EC369 /* Debug */,
				07834AA316071899009EC369 /* Release */,
			);
			defaultConfigurationIsVisible = 0;
			defaultConfigurationName = Release;
		};
/* End XCConfigurationList section */
	};
	rootObject = 07834A7A16071899009EC369 /* Project object */;
}
